
Microsoft Visual Studio Solution File, Format Version 12.00
# Visual Studio Version 16
VisualStudioVersion = 16.0.31911.196
MinimumVisualStudioVersion = 10.0.40219.1
Project("{FAE04EC0-301F-11D3-BF4B-00C04F79EFBC}") = "MoodAnalyzer", "MoodAnalyzer\MoodAnalyzer.csproj", "{4EE15C87-2F0C-4FEE-A518-6794C522FFC7}"
EndProject
Project("{FAE04EC0-301F-11D3-BF4B-00C04F79EFBC}") = "MoodAnalyzerTest", "MoodAnalyzerTest\MoodAnalyzerTest.csproj", "{B2D46CCD-8714-4EBA-81F6-077BB4C8FE76}"
EndProject
Global
	GlobalSection(SolutionConfigurationPlatforms) = preSolution
		Debug|Any CPU = Debug|Any CPU
		Release|Any CPU = Release|Any CPU
	EndGlobalSection
	GlobalSection(ProjectConfigurationPlatforms) = postSolution
		{4EE15C87-2F0C-4FEE-A518-6794C522FFC7}.Debug|Any CPU.ActiveCfg = Debug|Any CPU
		{4EE15C87-2F0C-4FEE-A518-6794C522FFC7}.Debug|Any CPU.Build.0 = Debug|Any CPU
		{4EE15C87-2F0C-4FEE-A518-6794C522FFC7}.Release|Any CPU.ActiveCfg = Release|Any CPU
		{4EE15C87-2F0C-4FEE-A518-6794C522FFC7}.Release|Any CPU.Build.0 = Release|Any CPU
		{B2D46CCD-8714-4EBA-81F6-077BB4C8FE76}.Debug|Any CPU.ActiveCfg = Debug|Any CPU
		{B2D46CCD-8714-4EBA-81F6-077BB4C8FE76}.Debug|Any CPU.Build.0 = Debug|Any CPU
		{B2D46CCD-8714-4EBA-81F6-077BB4C8FE76}.Release|Any CPU.ActiveCfg = Release|Any CPU
		{B2D46CCD-8714-4EBA-81F6-077BB4C8FE76}.Release|Any CPU.Build.0 = Release|Any CPU
	EndGlobalSection
	GlobalSection(SolutionProperties) = preSolution
		HideSolutionNode = FALSE
	EndGlobalSection
	GlobalSection(ExtensibilityGlobals) = postSolution
		SolutionGuid = {C34506FF-B819-4A03-916D-A1A7EA7F345D}
	EndGlobalSection
EndGlobal
